PODS:
  - BlocksKit (2.2.5):
    - BlocksKit/All (= 2.2.5)
  - BlocksKit/All (2.2.5):
    - BlocksKit/Core
    - BlocksKit/DynamicDelegate
    - BlocksKit/MessageUI
    - BlocksKit/UIKit
  - BlocksKit/Core (2.2.5)
  - BlocksKit/DynamicDelegate (2.2.5)
  - BlocksKit/MessageUI (2.2.5):
    - BlocksKit/Core
    - BlocksKit/DynamicDelegate
  - BlocksKit/UIKit (2.2.5):
    - BlocksKit/Core
    - BlocksKit/DynamicDelegate
  - Bugly (2.5.0)
  - GTSDK (2.1.0.0-noidfa)
  - HappyDNS (0.3.12)
  - Masonry (1.1.0)
  - MJExtension (3.0.13)
  - MJRefresh (3.1.15.3)
  - mob_sharesdk (4.1.1):
    - mob_sharesdk/ShareSDK (= 4.1.1)
    - MOBFoundation
  - mob_sharesdk/ShareSDK (4.1.1):
    - MOBFoundation
  - mob_sharesdk/ShareSDKExtension (4.1.1):
    - mob_sharesdk/ShareSDK
    - MOBFoundation
  - mob_sharesdk/ShareSDKPlatforms/Copy (4.1.1):
    - mob_sharesdk/ShareSDK
    - MOBFoundation
  - mob_sharesdk/ShareSDKPlatforms/QQ (4.1.1):
    - mob_sharesdk/ShareSDK
    - MOBFoundation
  - mob_sharesdk/ShareSDKPlatforms/SinaWeibo (4.1.1):
    - mob_sharesdk/ShareSDK
    - MOBFoundation
  - mob_sharesdk/ShareSDKPlatforms/WeChat (4.1.1):
    - mob_sharesdk/ShareSDK
    - MOBFoundation
  - MOBFoundation (3.1.2)
  - Qiniu (7.2.3):
    - HappyDNS (~> 0.3)

DEPENDENCIES:
  - BlocksKit (= 2.2.5)
  - Bugly (= 2.5.0)
  - GTSDK (= 2.1.0.0-noidfa)
  - Masonry (= 1.1.0)
  - MJExtension (= 3.0.13)
  - MJRefresh (= 3.1.15.3)
  - mob_sharesdk (= 4.1.1)
  - mob_sharesdk/ShareSDKExtension (= 4.1.1)
  - mob_sharesdk/ShareSDKPlatforms/Copy (= 4.1.1)
  - mob_sharesdk/ShareSDKPlatforms/QQ (= 4.1.1)
  - mob_sharesdk/ShareSDKPlatforms/SinaWeibo (= 4.1.1)
  - mob_sharesdk/ShareSDKPlatforms/WeChat (= 4.1.1)
  - Qiniu (= 7.2.3)

SPEC CHECKSUMS:
  BlocksKit: 7f422b971407001178d181a43b99014ea2591fe6
  Bugly: 3ca9f255c01025582df26f9222893b383c7e4b4e
  GTSDK: 940f6eb5191f7655499c3ec0d6c6f034b84f3f85
  HappyDNS: 691a3041128055d09866f86e6e9ca90f24da1f18
  Masonry: 678fab65091a9290e40e2832a55e7ab731aad201
  MJExtension: 5932755f451458eefa24239358817f8d291240c7
  MJRefresh: b48380ae2b927b46c4ef000de9adb8dc748e1df7
  mob_sharesdk: 6cb2159a5205d79c0f3e2d5a10ae63362c8e09d3
  MOBFoundation: 5c7cd437320b5252ebe0ca20283cc1ffe66f7669
  Qiniu: ae0fea1cc379fae1560d8748ac537e0fbeb8626e

PODFILE CHECKSUM: 9fafd23b06d220a445b2c278073c8e0653b61716

COCOAPODS: 1.3.1
